// !$*UTF8*$!
{
	archiveVersion = 1;
	classes = {
	};
	objectVersion = 50;
	objects = {

/* Begin PBXBuildFile section */
		3DF96228252FB17C003566F7 /* AppDelegate.swift in Sources */ = {isa = PBXBuildFile; fileRef = 3DF96227252FB17C003566F7 /* AppDelegate.swift */; };
		3DF9622A252FB17C003566F7 /* SceneDelegate.swift in Sources */ = {isa = PBXBuildFile; fileRef = 3DF96229252FB17C003566F7 /* SceneDelegate.swift */; };
		3DF9622C252FB17C003566F7 /* ViewController.swift in Sources */ = {isa = PBXBuildFile; fileRef = 3DF9622B252FB17C003566F7 /* ViewController.swift */; };
		3DF9622F252FB17C003566F7 /* Main.storyboard in Resources */ = {isa = PBXBuildFile; fileRef = 3DF9622D252FB17C003566F7 /* Main.storyboard */; };
		3DF96231252FB17E003566F7 /* Assets.xcassets in Resources */ = {isa = PBXBuildFile; fileRef = 3DF96230252FB17E003566F7 /* Assets.xcassets */; };
		3DF96234252FB17E003566F7 /* LaunchScreen.storyboard in Resources */ = {isa = PBXBuildFile; fileRef = 3DF96232252FB17E003566F7 /* LaunchScreen.storyboard */; };
		3DF9623F252FB17E003566F7 /* CardGameTests.swift in Sources */ = {isa = PBXBuildFile; fileRef = 3DF9623E252FB17E003566F7 /* CardGameTests.swift */; };
		3DF9624A252FB17E003566F7 /* CardGameUITests.swift in Sources */ = {isa = PBXBuildFile; fileRef = 3DF96249252FB17E003566F7 /* CardGameUITests.swift */; };
/* End PBXBuildFile section */

/* Begin PBXContainerItemProxy section */
		3DF9623B252FB17E003566F7 /* PBXContainerItemProxy */ = {
			isa = PBXContainerItemProxy;
			containerPortal = 3DF9621C252FB17C003566F7 /* Project object */;
			proxyType = 1;
			remoteGlobalIDString = 3DF96223252FB17C003566F7;
			remoteInfo = CardGame;
		};
		3DF96246252FB17E003566F7 /* PBXContainerItemProxy */ = {
			isa = PBXContainerItemProxy;
			containerPortal = 3DF9621C252FB17C003566F7 /* Project object */;
			proxyType = 1;
			remoteGlobalIDString = 3DF96223252FB17C003566F7;
			remoteInfo = CardGame;
		};
/* End PBXContainerItemProxy section */

/* Begin PBXFileReference section */
		3DF96224252FB17C003566F7 /* CardGame.app */ = {isa = PBXFileReference; explicitFileType = wrapper.application; includeInIndex = 0; path = CardGame.app; sourceTree = BUILT_PRODUCTS_DIR; };
		3DF96227252FB17C003566F7 /* AppDelegate.swift */ = {isa = PBXFileReference; lastKnownFileType = sourcecode.swift; path = AppDelegate.swift; sourceTree = "<group>"; };
		3DF96229252FB17C003566F7 /* SceneDelegate.swift */ = {isa = PBXFileReference; lastKnownFileType = sourcecode.swift; path = SceneDelegate.swift; sourceTree = "<group>"; };
		3DF9622B252FB17C003566F7 /* ViewController.swift */ = {isa = PBXFileReference; lastKnownFileType = sourcecode.swift; path = ViewController.swift; sourceTree = "<group>"; };
		3DF9622E252FB17C003566F7 /* Base */ = {isa = PBXFileReference; lastKnownFileType = file.storyboard; name = Base; path = Base.lproj/Main.storyboard; sourceTree = "<group>"; };
		3DF96230252FB17E003566F7 /* Assets.xcassets */ = {isa = PBXFileReference; lastKnownFileType = folder.assetcatalog; path = Assets.xcassets; sourceTree = "<group>"; };
		3DF96233252FB17E003566F7 /* Base */ = {isa = PBXFileReference; lastKnownFileType = file.storyboard; name = Base; path = Base.lproj/LaunchScreen.storyboard; sourceTree = "<group>"; };
		3DF96235252FB17E003566F7 /* Info.plist */ = {isa = PBXFileReference; lastKnownFileType = text.plist.xml; path = Info.plist; sourceTree = "<group>"; };
		3DF9623A252FB17E003566F7 /* CardGameTests.xctest */ = {isa = PBXFileReference; explicitFileType = wrapper.cfbundle; includeInIndex = 0; path = CardGameTests.xctest; sourceTree = BUILT_PRODUCTS_DIR; };
		3DF9623E252FB17E003566F7 /* CardGameTests.swift */ = {isa = PBXFileReference; lastKnownFileType = sourcecode.swift; path = CardGameTests.swift; sourceTree = "<group>"; };
		3DF96240252FB17E003566F7 /* Info.plist */ = {isa = PBXFileReference; lastKnownFileType = text.plist.xml; path = Info.plist; sourceTree = "<group>"; };
		3DF96245252FB17E003566F7 /* CardGameUITests.xctest */ = {isa = PBXFileReference; explicitFileType = wrapper.cfbundle; includeInIndex = 0; path = CardGameUITests.xctest; sourceTree = BUILT_PRODUCTS_DIR; };
		3DF96249252FB17E003566F7 /* CardGameUITests.swift */ = {isa = PBXFileReference; lastKnownFileType = sourcecode.swift; path = CardGameUITests.swift; sourceTree = "<group>"; };
		3DF9624B252FB17E003566F7 /* Info.plist */ = {isa = PBXFileReference; lastKnownFileType = text.plist.xml; path = Info.plist; sourceTree = "<group>"; };
/* End PBXFileReference section */

/* Begin PBXFrameworksBuildPhase section */
		3DF96221252FB17C003566F7 /* Frameworks */ = {
			isa = PBXFrameworksBuildPhase;
			buildActionMask = 2147483647;
			files = (
			);
			runOnlyForDeploymentPostprocessing = 0;
		};
		3DF96237252FB17E003566F7 /* Frameworks */ = {
			isa = PBXFrameworksBuildPhase;
			buildActionMask = 2147483647;
			files = (
			);
			runOnlyForDeploymentPostprocessing = 0;
		};
		3DF96242252FB17E003566F7 /* Frameworks */ = {
			isa = PBXFrameworksBuildPhase;
			buildActionMask = 2147483647;
			files = (
			);
			runOnlyForDeploymentPostprocessing = 0;
		};
/* End PBXFrameworksBuildPhase section */

/* Begin PBXGroup section */
		3DF9621B252FB17C003566F7 = {
			isa = PBXGroup;
			children = (
				3DF96226252FB17C003566F7 /* CardGame */,
				3DF9623D252FB17E003566F7 /* CardGameTests */,
				3DF96248252FB17E003566F7 /* CardGameUITests */,
				3DF96225252FB17C003566F7 /* Products */,
			);
			sourceTree = "<group>";
		};
		3DF96225252FB17C003566F7 /* Products */ = {
			isa = PBXGroup;
			children = (
				3DF96224252FB17C003566F7 /* CardGame.app */,
				3DF9623A252FB17E003566F7 /* CardGameTests.xctest */,
				3DF96245252FB17E003566F7 /* CardGameUITests.xctest */,
			);
			name = Products;
			sourceTree = "<group>";
		};
		3DF96226252FB17C003566F7 /* CardGame */ = {
			isa = PBXGroup;
			children = (
				3DF96227252FB17C003566F7 /* AppDelegate.swift */,
				3DF96229252FB17C003566F7 /* SceneDelegate.swift */,
				3DF9622B252FB17C003566F7 /* ViewController.swift */,
				3DF9622D252FB17C003566F7 /* Main.storyboard */,
				3DF96230252FB17E003566F7 /* Assets.xcassets */,
				3DF96232252FB17E003566F7 /* LaunchScreen.storyboard */,
				3DF96235252FB17E003566F7 /* Info.plist */,
			);
			path = CardGame;
			sourceTree = "<group>";
		};
		3DF9623D252FB17E003566F7 /* CardGameTests */ = {
			isa = PBXGroup;
			children = (
				3DF9623E252FB17E003566F7 /* CardGameTests.swift */,
				3DF96240252FB17E003566F7 /* Info.plist */,
			);
			path = CardGameTests;
			sourceTree = "<group>";
		};
		3DF96248252FB17E003566F7 /* CardGameUITests */ = {
			isa = PBXGroup;
			children = (
				3DF96249252FB17E003566F7 /* CardGameUITests.swift */,
				3DF9624B252FB17E003566F7 /* Info.plist */,
			);
			path = CardGameUITests;
			sourceTree = "<group>";
		};
/* End PBXGroup section */

/* Begin PBXNativeTarget section */
		3DF96223252FB17C003566F7 /* CardGame */ = {
			isa = PBXNativeTarget;
			buildConfigurationList = 3DF9624E252FB17E003566F7 /* Build configuration list for PBXNativeTarget "CardGame" */;
			buildPhases = (
				3DF96220252FB17C003566F7 /* Sources */,
				3DF96221252FB17C003566F7 /* Frameworks */,
				3DF96222252FB17C003566F7 /* Resources */,
			);
			buildRules = (
			);
			dependencies = (
			);
			name = CardGame;
			productName = CardGame;
			productReference = 3DF96224252FB17C003566F7 /* CardGame.app */;
			productType = "com.apple.product-type.application";
		};
		3DF96239252FB17E003566F7 /* CardGameTests */ = {
			isa = PBXNativeTarget;
			buildConfigurationList = 3DF96251252FB17E003566F7 /* Build configuration list for PBXNativeTarget "CardGameTests" */;
			buildPhases = (
				3DF96236252FB17E003566F7 /* Sources */,
				3DF96237252FB17E003566F7 /* Frameworks */,
				3DF96238252FB17E003566F7 /* Resources */,
			);
			buildRules = (
			);
			dependencies = (
				3DF9623C252FB17E003566F7 /* PBXTargetDependency */,
			);
			name = CardGameTests;
			productName = CardGameTests;
			productReference = 3DF9623A252FB17E003566F7 /* CardGameTests.xctest */;
			productType = "com.apple.product-type.bundle.unit-test";
		};
		3DF96244252FB17E003566F7 /* CardGameUITests */ = {
			isa = PBXNativeTarget;
			buildConfigurationList = 3DF96254252FB17E003566F7 /* Build configuration list for PBXNativeTarget "CardGameUITests" */;
			buildPhases = (
				3DF96241252FB17E003566F7 /* Sources */,
				3DF96242252FB17E003566F7 /* Frameworks */,
				3DF96243252FB17E003566F7 /* Resources */,
			);
			buildRules = (
			);
			dependencies = (
				3DF96247252FB17E003566F7 /* PBXTargetDependency */,
			);
			name = CardGameUITests;
			productName = CardGameUITests;
			productReference = 3DF96245252FB17E003566F7 /* CardGameUITests.xctest */;
			productType = "com.apple.product-type.bundle.ui-testing";
		};
/* End PBXNativeTarget section */

/* Begin PBXProject section */
		3DF9621C252FB17C003566F7 /* Project object */ = {
			isa = PBXProject;
			attributes = {
				LastSwiftUpdateCheck = 1200;
				LastUpgradeCheck = 1200;
				TargetAttributes = {
					3DF96223252FB17C003566F7 = {
						CreatedOnToolsVersion = 12.0.1;
					};
					3DF96239252FB17E003566F7 = {
						CreatedOnToolsVersion = 12.0.1;
						TestTargetID = 3DF96223252FB17C003566F7;
					};
					3DF96244252FB17E003566F7 = {
						CreatedOnToolsVersion = 12.0.1;
						TestTargetID = 3DF96223252FB17C003566F7;
					};
				};
			};
			buildConfigurationList = 3DF9621F252FB17C003566F7 /* Build configuration list for PBXProject "CardGame" */;
			compatibilityVersion = "Xcode 9.3";
			developmentRegion = en;
			hasScannedForEncodings = 0;
			knownRegions = (
				en,
				Base,
			);
			mainGroup = 3DF9621B252FB17C003566F7;
			productRefGroup = 3DF96225252FB17C003566F7 /* Products */;
			projectDirPath = "";
			projectRoot = "";
			targets = (
				3DF96223252FB17C003566F7 /* CardGame */,
				3DF96239252FB17E003566F7 /* CardGameTests */,
				3DF96244252FB17E003566F7 /* CardGameUITests */,
			);
		};
/* End PBXProject section */

/* Begin PBXResourcesBuildPhase section */
		3DF96222252FB17C003566F7 /* Resources */ = {
			isa = PBXResourcesBuildPhase;
			buildActionMask = 2147483647;
			files = (
				3DF96234252FB17E003566F7 /* LaunchScreen.storyboard in Resources */,
				3DF96231252FB17E003566F7 /* Assets.xcassets in Resources */,
				3DF9622F252FB17C003566F7 /* Main.storyboard in Resources */,
			);
			runOnlyForDeploymentPostprocessing = 0;
		};
		3DF96238252FB17E003566F7 /* Resources */ = {
			isa = PBXResourcesBuildPhase;
			buildActionMask = 2147483647;
			files = (
			);
			runOnlyForDeploymentPostprocessing = 0;
		};
		3DF96243252FB17E003566F7 /* Resources */ = {
			isa = PBXResourcesBuildPhase;
			buildActionMask = 2147483647;
			files = (
			);
			runOnlyForDeploymentPostprocessing = 0;
		};
/* End PBXResourcesBuildPhase section */

/* Begin PBXSourcesBuildPhase section */
		3DF96220252FB17C003566F7 /* Sources */ = {
			isa = PBXSourcesBuildPhase;
			buildActionMask = 2147483647;
			files = (
				3DF9622C252FB17C003566F7 /* ViewController.swift in Sources */,
				3DF96228252FB17C003566F7 /* AppDelegate.swift in Sources */,
				3DF9622A252FB17C003566F7 /* SceneDelegate.swift in Sources */,
			);
			runOnlyForDeploymentPostprocessing = 0;
		};
		3DF96236252FB17E003566F7 /* Sources */ = {
			isa = PBXSourcesBuildPhase;
			buildActionMask = 2147483647;
			files = (
				3DF9623F252FB17E003566F7 /* CardGameTests.swift in Sources */,
			);
			runOnlyForDeploymentPostprocessing = 0;
		};
		3DF96241252FB17E003566F7 /* Sources */ = {
			isa = PBXSourcesBuildPhase;
			buildActionMask = 2147483647;
			files = (
				3DF9624A252FB17E003566F7 /* CardGameUITests.swift in Sources */,
			);
			runOnlyForDeploymentPostprocessing = 0;
		};
/* End PBXSourcesBuildPhase section */

/* Begin PBXTargetDependency section */
		3DF9623C252FB17E003566F7 /* PBXTargetDependency */ = {
			isa = PBXTargetDependency;
			target = 3DF96223252FB17C003566F7 /* CardGame */;
			targetProxy = 3DF9623B252FB17E003566F7 /* PBXContainerItemProxy */;
		};
		3DF96247252FB17E003566F7 /* PBXTargetDependency */ = {
			isa = PBXTargetDependency;
			target = 3DF96223252FB17C003566F7 /* CardGame */;
			targetProxy = 3DF96246252FB17E003566F7 /* PBXContainerItemProxy */;
		};
/* End PBXTargetDependency section */

/* Begin PBXVariantGroup section */
		3DF9622D252FB17C003566F7 /* Main.storyboard */ = {
			isa = PBXVariantGroup;
			children = (
				3DF9622E252FB17C003566F7 /* Base */,
			);
			name = Main.storyboard;
			sourceTree = "<group>";
		};
		3DF96232252FB17E003566F7 /* LaunchScreen.storyboard */ = {
			isa = PBXVariantGroup;
			children = (
				3DF96233252FB17E003566F7 /* Base */,
			);
			name = LaunchScreen.storyboard;
			sourceTree = "<group>";
		};
/* End PBXVariantGroup section */

/* Begin XCBuildConfiguration section */
		3DF9624C252FB17E003566F7 /* Debug */ = {
			isa = XCBuildConfiguration;
			buildSettings = {
				ALWAYS_SEARCH_USER_PATHS = NO;
				CLANG_ANALYZER_NONNULL = YES;
				CLANG_ANALYZER_NUMBER_OBJECT_CONVERSION = YES_AGGRESSIVE;
				CLANG_CXX_LANGUAGE_STANDARD = "gnu++14";
				CLANG_CXX_LIBRARY = "libc++";
				CLANG_ENABLE_MODULES = YES;
				CLANG_ENABLE_OBJC_ARC = YES;
				CLANG_ENABLE_OBJC_WEAK = YES;
				CLANG_WARN_BLOCK_CAPTURE_AUTORELEASING = YES;
				CLANG_WARN_BOOL_CONVERSION = YES;
				CLANG_WARN_COMMA = YES;
				CLANG_WARN_CONSTANT_CONVERSION = YES;
				CLANG_WARN_DEPRECATED_OBJC_IMPLEMENTATIONS = YES;
				CLANG_WARN_DIRECT_OBJC_ISA_USAGE = YES_ERROR;
				CLANG_WARN_DOCUMENTATION_COMMENTS = YES;
				CLANG_WARN_EMPTY_BODY = YES;
				CLANG_WARN_ENUM_CONVERSION = YES;
				CLANG_WARN_INFINITE_RECURSION = YES;
				CLANG_WARN_INT_CONVERSION = YES;
				CLANG_WARN_NON_LITERAL_NULL_CONVERSION = YES;
				CLANG_WARN_OBJC_IMPLICIT_RETAIN_SELF = YES;
				CLANG_WARN_OBJC_LITERAL_CONVERSION = YES;
				CLANG_WARN_OBJC_ROOT_CLASS = YES_ERROR;
				CLANG_WARN_QUOTED_INCLUDE_IN_FRAMEWORK_HEADER = YES;
				CLANG_WARN_RANGE_LOOP_ANALYSIS = YES;
				CLANG_WARN_STRICT_PROTOTYPES = YES;
				CLANG_WARN_SUSPICIOUS_MOVE = YES;
				CLANG_WARN_UNGUARDED_AVAILABILITY = YES_AGGRESSIVE;
				CLANG_WARN_UNREACHABLE_CODE = YES;
				CLANG_WARN__DUPLICATE_METHOD_MATCH = YES;
				COPY_PHASE_STRIP = NO;
				DEBUG_INFORMATION_FORMAT = dwarf;
				ENABLE_STRICT_OBJC_MSGSEND = YES;
				ENABLE_TESTABILITY = YES;
				GCC_C_LANGUAGE_STANDARD = gnu11;
				GCC_DYNAMIC_NO_PIC = NO;
				GCC_NO_COMMON_BLOCKS = YES;
				GCC_OPTIMIZATION_LEVEL = 0;
				GCC_PREPROCESSOR_DEFINITIONS = (
					"DEBUG=1",
					"$(inherited)",
				);
				GCC_WARN_64_TO_32_BIT_CONVERSION = YES;
				GCC_WARN_ABOUT_RETURN_TYPE = YES_ERROR;
				GCC_WARN_UNDECLARED_SELECTOR = YES;
				GCC_WARN_UNINITIALIZED_AUTOS = YES_AGGRESSIVE;
				GCC_WARN_UNUSED_FUNCTION = YES;
				GCC_WARN_UNUSED_VARIABLE = YES;
				IPHONEOS_DEPLOYMENT_TARGET = 14.0;
				MTL_ENABLE_DEBUG_INFO = INCLUDE_SOURCE;
				MTL_FAST_MATH = YES;
				ONLY_ACTIVE_ARCH = YES;
				SDKROOT = iphoneos;
				SWIFT_ACTIVE_COMPILATION_CONDITIONS = DEBUG;
				SWIFT_OPTIMIZATION_LEVEL = "-Onone";
			};
			name = Debug;
		};
		3DF9624D252FB17E003566F7 /* Release */ = {
			isa = XCBuildConfiguration;
			buildSettings = {
				ALWAYS_SEARCH_USER_PATHS = NO;
				CLANG_ANALYZER_NONNULL = YES;
				CLANG_ANALYZER_NUMBER_OBJECT_CONVERSION = YES_AGGRESSIVE;
				CLANG_CXX_LANGUAGE_STANDARD = "gnu++14";
				CLANG_CXX_LIBRARY = "libc++";
				CLANG_ENABLE_MODULES = YES;
				CLANG_ENABLE_OBJC_ARC = YES;
				CLANG_ENABLE_OBJC_WEAK = YES;
				CLANG_WARN_BLOCK_CAPTURE_AUTORELEASING = YES;
				CLANG_WARN_BOOL_CONVERSION = YES;
				CLANG_WARN_COMMA = YES;
				CLANG_WARN_CONSTANT_CONVERSION = YES;
				CLANG_WARN_DEPRECATED_OBJC_IMPLEMENTATIONS = YES;
				CLANG_WARN_DIRECT_OBJC_ISA_USAGE = YES_ERROR;
				CLANG_WARN_DOCUMENTATION_COMMENTS = YES;
				CLANG_WARN_EMPTY_BODY = YES;
				CLANG_WARN_ENUM_CONVERSION = YES;
				CLANG_WARN_INFINITE_RECURSION = YES;
				CLANG_WARN_INT_CONVERSION = YES;
				CLANG_WARN_NON_LITERAL_NULL_CONVERSION = YES;
				CLANG_WARN_OBJC_IMPLICIT_RETAIN_SELF = YES;
				CLANG_WARN_OBJC_LITERAL_CONVERSION = YES;
				CLANG_WARN_OBJC_ROOT_CLASS = YES_ERROR;
				CLANG_WARN_QUOTED_INCLUDE_IN_FRAMEWORK_HEADER = YES;
				CLANG_WARN_RANGE_LOOP_ANALYSIS = YES;
				CLANG_WARN_STRICT_PROTOTYPES = YES;
				CLANG_WARN_SUSPICIOUS_MOVE = YES;
				CLANG_WARN_UNGUARDED_AVAILABILITY = YES_AGGRESSIVE;
				CLANG_WARN_UNREACHABLE_CODE = YES;
				CLANG_WARN__DUPLICATE_METHOD_MATCH = YES;
				COPY_PHASE_STRIP = NO;
				DEBUG_INFORMATION_FORMAT = "dwarf-with-dsym";
				ENABLE_NS_ASSERTIONS = NO;
				ENABLE_STRICT_OBJC_MSGSEND = YES;
				GCC_C_LANGUAGE_STANDARD = gnu11;
				GCC_NO_COMMON_BLOCKS = YES;
				GCC_WARN_64_TO_32_BIT_CONVERSION = YES;
				GCC_WARN_ABOUT_RETURN_TYPE = YES_ERROR;
				GCC_WARN_UNDECLARED_SELECTOR = YES;
				GCC_WARN_UNINITIALIZED_AUTOS = YES_AGGRESSIVE;
				GCC_WARN_UNUSED_FUNCTION = YES;
				GCC_WARN_UNUSED_VARIABLE = YES;
				IPHONEOS_DEPLOYMENT_TARGET = 14.0;
				MTL_ENABLE_DEBUG_INFO = NO;
				MTL_FAST_MATH = YES;
				SDKROOT = iphoneos;
				SWIFT_COMPILATION_MODE = wholemodule;
				SWIFT_OPTIMIZATION_LEVEL = "-O";
				VALIDATE_PRODUCT = YES;
			};
			name = Release;
		};
		3DF9624F252FB17E003566F7 /* Debug */ = {
			isa = XCBuildConfiguration;
			buildSettings = {
				ASSETCATALOG_COMPILER_APPICON_NAME = AppIcon;
				ASSETCATALOG_COMPILER_GLOBAL_ACCENT_COLOR_NAME = AccentColor;
				CODE_SIGN_STYLE = Automatic;
				INFOPLIST_FILE = CardGame/Info.plist;
				LD_RUNPATH_SEARCH_PATHS = (
					"$(inherited)",
					"@executable_path/Frameworks",
				);
				PRODUCT_BUNDLE_IDENTIFIER = edu.northeastern.vidya.CardGame;
				PRODUCT_NAME = "$(TARGET_NAME)";
				SWIFT_VERSION = 5.0;
				TARGETED_DEVICE_FAMILY = "1,2";
			};
			name = Debug;
		};
		3DF96250252FB17E003566F7 /* Release */ = {
			isa = XCBuildConfiguration;
			buildSettings = {
				ASSETCATALOG_COMPILER_APPICON_NAME = AppIcon;
				ASSETCATALOG_COMPILER_GLOBAL_ACCENT_COLOR_NAME = AccentColor;
				CODE_SIGN_STYLE = Automatic;
				INFOPLIST_FILE = CardGame/Info.plist;
				LD_RUNPATH_SEARCH_PATHS = (
					"$(inherited)",
					"@executable_path/Frameworks",
				);
				PRODUCT_BUNDLE_IDENTIFIER = edu.northeastern.vidya.CardGame;
				PRODUCT_NAME = "$(TARGET_NAME)";
				SWIFT_VERSION = 5.0;
				TARGETED_DEVICE_FAMILY = "1,2";
			};
			name = Release;
		};
		3DF96252252FB17E003566F7 /* Debug */ = {
			isa = XCBuildConfiguration;
			buildSettings = {
				ALWAYS_EMBED_SWIFT_STANDARD_LIBRARIES = YES;
				BUNDLE_LOADER = "$(TEST_HOST)";
				CODE_SIGN_STYLE = Automatic;
				INFOPLIST_FILE = CardGameTests/Info.plist;
				IPHONEOS_DEPLOYMENT_TARGET = 14.0;
				LD_RUNPATH_SEARCH_PATHS = (
					"$(inherited)",
					"@executable_path/Frameworks",
					"@loader_path/Frameworks",
				);
				PRODUCT_BUNDLE_IDENTIFIER = edu.northeastern.vidya.CardGameTests;
				PRODUCT_NAME = "$(TARGET_NAME)";
				SWIFT_VERSION = 5.0;
				TARGETED_DEVICE_FAMILY = "1,2";
				TEST_HOST = "$(BUILT_PRODUCTS_DIR)/CardGame.app/CardGame";
			};
			name = Debug;
		};
		3DF96253252FB17E003566F7 /* Release */ = {
			isa = XCBuildConfiguration;
			buildSettings = {
				ALWAYS_EMBED_SWIFT_STANDARD_LIBRARIES = YES;
				BUNDLE_LOADER = "$(TEST_HOST)";
				CODE_SIGN_STYLE = Automatic;
				INFOPLIST_FILE = CardGameTests/Info.plist;
				IPHONEOS_DEPLOYMENT_TARGET = 14.0;
				LD_RUNPATH_SEARCH_PATHS = (
					"$(inherited)",
					"@executable_path/Frameworks",
					"@loader_path/Frameworks",
				);
				PRODUCT_BUNDLE_IDENTIFIER = edu.northeastern.vidya.CardGameTests;
				PRODUCT_NAME = "$(TARGET_NAME)";
				SWIFT_VERSION = 5.0;
				TARGETED_DEVICE_FAMILY = "1,2";
				TEST_HOST = "$(BUILT_PRODUCTS_DIR)/CardGame.app/CardGame";
			};
			name = Release;
		};
		3DF96255252FB17E003566F7 /* Debug */ = {
			isa = XCBuildConfiguration;
			buildSettings = {
				ALWAYS_EMBED_SWIFT_STANDARD_LIBRARIES = YES;
				CODE_SIGN_STYLE = Automatic;
				INFOPLIST_FILE = CardGameUITests/Info.plist;
				LD_RUNPATH_SEARCH_PATHS = (
					"$(inherited)",
					"@executable_path/Frameworks",
					"@loader_path/Frameworks",
				);
				PRODUCT_BUNDLE_IDENTIFIER = edu.northeastern.vidya.CardGameUITests;
				PRODUCT_NAME = "$(TARGET_NAME)";
				SWIFT_VERSION = 5.0;
				TARGETED_DEVICE_FAMILY = "1,2";
				TEST_TARGET_NAME = CardGame;
			};
			name = Debug;
		};
		3DF96256252FB17E003566F7 /* Release */ = {
			isa = XCBuildConfiguration;
			buildSettings = {
				ALWAYS_EMBED_SWIFT_STANDARD_LIBRARIES = YES;
				CODE_SIGN_STYLE = Automatic;
				INFOPLIST_FILE = CardGameUITests/Info.plist;
				LD_RUNPATH_SEARCH_PATHS = (
					"$(inherited)",
					"@executable_path/Frameworks",
					"@loader_path/Frameworks",
				);
				PRODUCT_BUNDLE_IDENTIFIER = edu.northeastern.vidya.CardGameUITests;
				PRODUCT_NAME = "$(TARGET_NAME)";
				SWIFT_VERSION = 5.0;
				TARGETED_DEVICE_FAMILY = "1,2";
				TEST_TARGET_NAME = CardGame;
			};
			name = Release;
		};
/* End XCBuildConfiguration section */

/* Begin XCConfigurationList section */
		3DF9621F252FB17C003566F7 /* Build configuration list for PBXProject "CardGame" */ = {
			isa = XCConfigurationList;
			buildConfigurations = (
				3DF9624C252FB17E003566F7 /* Debug */,
				3DF9624D252FB17E003566F7 /* Release */,
			);
			defaultConfigurationIsVisible = 0;
			defaultConfigurationName = Release;
		};
		3DF9624E252FB17E003566F7 /* Build configuration list for PBXNativeTarget "CardGame" */ = {
			isa = XCConfigurationList;
			buildConfigurations = (
				3DF9624F252FB17E003566F7 /* Debug */,
				3DF96250252FB17E003566F7 /* Release */,
			);
			defaultConfigurationIsVisible = 0;
			defaultConfigurationName = Release;
		};
		3DF96251252FB17E003566F7 /* Build configuration list for PBXNativeTarget "CardGameTests" */ = {
			isa = XCConfigurationList;
			buildConfigurations = (
				3DF96252252FB17E003566F7 /* Debug */,
				3DF96253252FB17E003566F7 /* Release */,
			);
			defaultConfigurationIsVisible = 0;
			defaultConfigurationName = Release;
		};
		3DF96254252FB17E003566F7 /* Build configuration list for PBXNativeTarget "CardGameUITests" */ = {
			isa = XCConfigurationList;
			buildConfigurations = (
				3DF96255252FB17E003566F7 /* Debug */,
				3DF96256252FB17E003566F7 /* Release */,
			);
			defaultConfigurationIsVisible = 0;
			defaultConfigurationName = Release;
		};
/* End XCConfigurationList section */
	};
	rootObject = 3DF9621C252FB17C003566F7 /* Project object */;
}
